
Microsoft Visual Studio Solution File, Format Version 12.00
# Visual Studio Version 17
VisualStudioVersion = 17.11.35219.272
MinimumVisualStudioVersion = 10.0.40219.1
Project("{9A19103F-16F7-4668-BE54-9A1E7A4F7556}") = "BlazorWebAssembly.Client", "BlazorWebAssembly.Client\BlazorWebAssembly.Client.csproj", "{62206DF1-FFE0-4525-AD55-06DF60DB327B}"
EndProject
Project("{9A19103F-16F7-4668-BE54-9A1E7A4F7556}") = "Shop.API", "Shop.API\Shop.API.csproj", "{EA5DC197-0B19-45DC-B1DC-14F2D8A32BF0}"
EndProject
Project("{9A19103F-16F7-4668-BE54-9A1E7A4F7556}") = "Shop.Shared", "Shop.Shared\Shop.Shared.csproj", "{B7E00C42-6E37-4141-88A5-6BFBD0E956B1}"
EndProject
Project("{9A19103F-16F7-4668-BE54-9A1E7A4F7556}") = "Shop.DataSeeder", "Shop.DataSeeder\Shop.DataSeeder.csproj", "{56874E27-28BB-4494-9E90-F924980FF0A7}"
EndProject
Project("{2150E333-8FDC-42A3-9474-1A3956D46DE8}") = "Solution Items", "Solution Items", "{A49E2223-C75A-453E-A742-D7F0A4293BFB}"
	ProjectSection(SolutionItems) = preProject
		podsuwamonie.txt = podsuwamonie.txt
	EndProjectSection
EndProject
Global
	GlobalSection(SolutionConfigurationPlatforms) = preSolution
		Debug|Any CPU = Debug|Any CPU
		Release|Any CPU = Release|Any CPU
	EndGlobalSection
	GlobalSection(ProjectConfigurationPlatforms) = postSolution
		{62206DF1-FFE0-4525-AD55-06DF60DB327B}.Debug|Any CPU.ActiveCfg = Debug|Any CPU
		{62206DF1-FFE0-4525-AD55-06DF60DB327B}.Debug|Any CPU.Build.0 = Debug|Any CPU
		{62206DF1-FFE0-4525-AD55-06DF60DB327B}.Release|Any CPU.ActiveCfg = Release|Any CPU
		{62206DF1-FFE0-4525-AD55-06DF60DB327B}.Release|Any CPU.Build.0 = Release|Any CPU
		{EA5DC197-0B19-45DC-B1DC-14F2D8A32BF0}.Debug|Any CPU.ActiveCfg = Debug|Any CPU
		{EA5DC197-0B19-45DC-B1DC-14F2D8A32BF0}.Debug|Any CPU.Build.0 = Debug|Any CPU
		{EA5DC197-0B19-45DC-B1DC-14F2D8A32BF0}.Release|Any CPU.ActiveCfg = Release|Any CPU
		{EA5DC197-0B19-45DC-B1DC-14F2D8A32BF0}.Release|Any CPU.Build.0 = Release|Any CPU
		{B7E00C42-6E37-4141-88A5-6BFBD0E956B1}.Debug|Any CPU.ActiveCfg = Debug|Any CPU
		{B7E00C42-6E37-4141-88A5-6BFBD0E956B1}.Debug|Any CPU.Build.0 = Debug|Any CPU
		{B7E00C42-6E37-4141-88A5-6BFBD0E956B1}.Release|Any CPU.ActiveCfg = Release|Any CPU
		{B7E00C42-6E37-4141-88A5-6BFBD0E956B1}.Release|Any CPU.Build.0 = Release|Any CPU
		{56874E27-28BB-4494-9E90-F924980FF0A7}.Debug|Any CPU.ActiveCfg = Debug|Any CPU
		{56874E27-28BB-4494-9E90-F924980FF0A7}.Debug|Any CPU.Build.0 = Debug|Any CPU
		{56874E27-28BB-4494-9E90-F924980FF0A7}.Release|Any CPU.ActiveCfg = Release|Any CPU
		{56874E27-28BB-4494-9E90-F924980FF0A7}.Release|Any CPU.Build.0 = Release|Any CPU
	EndGlobalSection
	GlobalSection(SolutionProperties) = preSolution
		HideSolutionNode = FALSE
	EndGlobalSection
	GlobalSection(ExtensibilityGlobals) = postSolution
		SolutionGuid = {0703BF43-4B41-44CC-8533-19CAD2FF5A78}
	EndGlobalSection
EndGlobal
